// !$*UTF8*$!
{
	archiveVersion = 1;
	classes = {
	};
	objectVersion = 50;
	objects = {

/* Begin PBXBuildFile section */
		394A4BE92718DE6600ADC4C9 /* PostTableViewCell.swift in Sources */ = {isa = PBXBuildFile; fileRef = 394A4BE82718DE6600ADC4C9 /* PostTableViewCell.swift */; };
		39879B322729950300AF82C0 /* DataManager.swift in Sources */ = {isa = PBXBuildFile; fileRef = 39879B312729950300AF82C0 /* DataManager.swift */; };
		39879B362729B0D500AF82C0 /* MainTableViewCell.swift in Sources */ = {isa = PBXBuildFile; fileRef = 39879B352729B0D500AF82C0 /* MainTableViewCell.swift */; };
		39879B382729C56800AF82C0 /* InfoTableViewCell.swift in Sources */ = {isa = PBXBuildFile; fileRef = 39879B372729C56800AF82C0 /* InfoTableViewCell.swift */; };
		39879B3A2729C68600AF82C0 /* ProfileViewController.swift in Sources */ = {isa = PBXBuildFile; fileRef = 39879B392729C68600AF82C0 /* ProfileViewController.swift */; };
		39879B40272AFA3500AF82C0 /* EditViewController.swift in Sources */ = {isa = PBXBuildFile; fileRef = 39879B3F272AFA3500AF82C0 /* EditViewController.swift */; };
		39A134A3271FFDB600B4125A /* PostViewController.swift in Sources */ = {isa = PBXBuildFile; fileRef = 39A134A2271FFDB600B4125A /* PostViewController.swift */; };
		39BA0D162709D452003147F8 /* LoginViewController.swift in Sources */ = {isa = PBXBuildFile; fileRef = 39BA0D152709D452003147F8 /* LoginViewController.swift */; };
		39BA0D1B2709D778003147F8 /* User.swift in Sources */ = {isa = PBXBuildFile; fileRef = 39BA0D1A2709D778003147F8 /* User.swift */; };
		39EEADFA2709110600E11418 /* InitialViewController.swift in Sources */ = {isa = PBXBuildFile; fileRef = 39EEADF92709110600E11418 /* InitialViewController.swift */; };
		39EEADFC2709174400E11418 /* RegistrationViewController.swift in Sources */ = {isa = PBXBuildFile; fileRef = 39EEADFB2709174400E11418 /* RegistrationViewController.swift */; };
		39F16A3F2725E69600004B9A /* FeedViewController.swift in Sources */ = {isa = PBXBuildFile; fileRef = 39F16A3E2725E69600004B9A /* FeedViewController.swift */; };
		39F16A412725E91500004B9A /* Post.swift in Sources */ = {isa = PBXBuildFile; fileRef = 39F16A402725E91500004B9A /* Post.swift */; };
		5EE6900127036B9200F5C170 /* AppDelegate.swift in Sources */ = {isa = PBXBuildFile; fileRef = 5EE6900027036B9200F5C170 /* AppDelegate.swift */; };
		5EE6900327036B9200F5C170 /* SceneDelegate.swift in Sources */ = {isa = PBXBuildFile; fileRef = 5EE6900227036B9200F5C170 /* SceneDelegate.swift */; };
		5EE6900827036B9200F5C170 /* Main.storyboard in Resources */ = {isa = PBXBuildFile; fileRef = 5EE6900627036B9200F5C170 /* Main.storyboard */; };
		5EE6900A27036B9400F5C170 /* Assets.xcassets in Resources */ = {isa = PBXBuildFile; fileRef = 5EE6900927036B9400F5C170 /* Assets.xcassets */; };
		5EE6900D27036B9400F5C170 /* LaunchScreen.storyboard in Resources */ = {isa = PBXBuildFile; fileRef = 5EE6900B27036B9400F5C170 /* LaunchScreen.storyboard */; };
/* End PBXBuildFile section */

/* Begin PBXFileReference section */
		394A4BE82718DE6600ADC4C9 /* PostTableViewCell.swift */ = {isa = PBXFileReference; lastKnownFileType = sourcecode.swift; path = PostTableViewCell.swift; sourceTree = "<group>"; };
		39879B312729950300AF82C0 /* DataManager.swift */ = {isa = PBXFileReference; lastKnownFileType = sourcecode.swift; path = DataManager.swift; sourceTree = "<group>"; };
		39879B352729B0D500AF82C0 /* MainTableViewCell.swift */ = {isa = PBXFileReference; lastKnownFileType = sourcecode.swift; path = MainTableViewCell.swift; sourceTree = "<group>"; };
		39879B372729C56800AF82C0 /* InfoTableViewCell.swift */ = {isa = PBXFileReference; lastKnownFileType = sourcecode.swift; path = InfoTableViewCell.swift; sourceTree = "<group>"; };
		39879B392729C68600AF82C0 /* ProfileViewController.swift */ = {isa = PBXFileReference; lastKnownFileType = sourcecode.swift; path = ProfileViewController.swift; sourceTree = "<group>"; };
		39879B3F272AFA3500AF82C0 /* EditViewController.swift */ = {isa = PBXFileReference; lastKnownFileType = sourcecode.swift; path = EditViewController.swift; sourceTree = "<group>"; };
		39A134A2271FFDB600B4125A /* PostViewController.swift */ = {isa = PBXFileReference; lastKnownFileType = sourcecode.swift; path = PostViewController.swift; sourceTree = "<group>"; };
		39BA0D152709D452003147F8 /* LoginViewController.swift */ = {isa = PBXFileReference; lastKnownFileType = sourcecode.swift; path = LoginViewController.swift; sourceTree = "<group>"; };
		39BA0D1A2709D778003147F8 /* User.swift */ = {isa = PBXFileReference; lastKnownFileType = sourcecode.swift; path = User.swift; sourceTree = "<group>"; };
		39EEADF92709110600E11418 /* InitialViewController.swift */ = {isa = PBXFileReference; lastKnownFileType = sourcecode.swift; path = InitialViewController.swift; sourceTree = "<group>"; };
		39EEADFB2709174400E11418 /* RegistrationViewController.swift */ = {isa = PBXFileReference; lastKnownFileType = sourcecode.swift; path = RegistrationViewController.swift; sourceTree = "<group>"; };
		39F16A3E2725E69600004B9A /* FeedViewController.swift */ = {isa = PBXFileReference; lastKnownFileType = sourcecode.swift; path = FeedViewController.swift; sourceTree = "<group>"; };
		39F16A402725E91500004B9A /* Post.swift */ = {isa = PBXFileReference; lastKnownFileType = sourcecode.swift; path = Post.swift; sourceTree = "<group>"; };
		5EE68FFD27036B9200F5C170 /* Lesson4.app */ = {isa = PBXFileReference; explicitFileType = wrapper.application; includeInIndex = 0; path = Lesson4.app; sourceTree = BUILT_PRODUCTS_DIR; };
		5EE6900027036B9200F5C170 /* AppDelegate.swift */ = {isa = PBXFileReference; lastKnownFileType = sourcecode.swift; path = AppDelegate.swift; sourceTree = "<group>"; };
		5EE6900227036B9200F5C170 /* SceneDelegate.swift */ = {isa = PBXFileReference; lastKnownFileType = sourcecode.swift; path = SceneDelegate.swift; sourceTree = "<group>"; };
		5EE6900727036B9200F5C170 /* Base */ = {isa = PBXFileReference; lastKnownFileType = file.storyboard; name = Base; path = Base.lproj/Main.storyboard; sourceTree = "<group>"; };
		5EE6900927036B9400F5C170 /* Assets.xcassets */ = {isa = PBXFileReference; lastKnownFileType = folder.assetcatalog; path = Assets.xcassets; sourceTree = "<group>"; };
		5EE6900C27036B9400F5C170 /* Base */ = {isa = PBXFileReference; lastKnownFileType = file.storyboard; name = Base; path = Base.lproj/LaunchScreen.storyboard; sourceTree = "<group>"; };
		5EE6900E27036B9400F5C170 /* Info.plist */ = {isa = PBXFileReference; lastKnownFileType = text.plist.xml; path = Info.plist; sourceTree = "<group>"; };
/* End PBXFileReference section */

/* Begin PBXFrameworksBuildPhase section */
		5EE68FFA27036B9200F5C170 /* Frameworks */ = {
			isa = PBXFrameworksBuildPhase;
			buildActionMask = 2147483647;
			files = (
			);
			runOnlyForDeploymentPostprocessing = 0;
		};
/* End PBXFrameworksBuildPhase section */

/* Begin PBXGroup section */
		394A4BE22718783900ADC4C9 /* Resources */ = {
			isa = PBXGroup;
			children = (
				5EE6900E27036B9400F5C170 /* Info.plist */,
				5EE6900627036B9200F5C170 /* Main.storyboard */,
				5EE6900B27036B9400F5C170 /* LaunchScreen.storyboard */,
				5EE6900927036B9400F5C170 /* Assets.xcassets */,
				5EE6900227036B9200F5C170 /* SceneDelegate.swift */,
				5EE6900027036B9200F5C170 /* AppDelegate.swift */,
			);
			path = Resources;
			sourceTree = "<group>";
		};
		394A4BE3271878AF00ADC4C9 /* Presentation */ = {
			isa = PBXGroup;
			children = (
				394A4BE62718798600ADC4C9 /* Initial Screen */,
				394A4BE7271879D100ADC4C9 /* Account */,
			);
			path = Presentation;
			sourceTree = "<group>";
		};
		394A4BE4271878F800ADC4C9 /* Sign In */ = {
			isa = PBXGroup;
			children = (
				39BA0D152709D452003147F8 /* LoginViewController.swift */,
			);
			path = "Sign In";
			sourceTree = "<group>";
		};
		394A4BE52718792300ADC4C9 /* Sign Up */ = {
			isa = PBXGroup;
			children = (
				39EEADFB2709174400E11418 /* RegistrationViewController.swift */,
			);
			path = "Sign Up";
			sourceTree = "<group>";
		};
		394A4BE62718798600ADC4C9 /* Initial Screen */ = {
			isa = PBXGroup;
			children = (
				39EEADF92709110600E11418 /* InitialViewController.swift */,
				394A4BE52718792300ADC4C9 /* Sign Up */,
				394A4BE4271878F800ADC4C9 /* Sign In */,
			);
			path = "Initial Screen";
			sourceTree = "<group>";
		};
		394A4BE7271879D100ADC4C9 /* Account */ = {
			isa = PBXGroup;
			children = (
				3950E0E5272D227E0063F444 /* Posts */,
				3950E0E4272D22560063F444 /* Feed */,
				3950E0E3272D22350063F444 /* Profile */,
			);
			path = Account;
			sourceTree = "<group>";
		};
		3950E0E3272D22350063F444 /* Profile */ = {
			isa = PBXGroup;
			children = (
				39879B392729C68600AF82C0 /* ProfileViewController.swift */,
				39879B3F272AFA3500AF82C0 /* EditViewController.swift */,
			);
			path = Profile;
			sourceTree = "<group>";
		};
		3950E0E4272D22560063F444 /* Feed */ = {
			isa = PBXGroup;
			children = (
				39F16A3E2725E69600004B9A /* FeedViewController.swift */,
			);
			path = Feed;
			sourceTree = "<group>";
		};
		3950E0E5272D227E0063F444 /* Posts */ = {
			isa = PBXGroup;
			children = (
				39A134A2271FFDB600B4125A /* PostViewController.swift */,
				3950E0E6272D228E0063F444 /* Cells */,
			);
			path = Posts;
			sourceTree = "<group>";
		};
		3950E0E6272D228E0063F444 /* Cells */ = {
			isa = PBXGroup;
			children = (
				39879B352729B0D500AF82C0 /* MainTableViewCell.swift */,
				39879B372729C56800AF82C0 /* InfoTableViewCell.swift */,
				394A4BE82718DE6600ADC4C9 /* PostTableViewCell.swift */,
			);
			path = Cells;
			sourceTree = "<group>";
		};
		39879B30272994DE00AF82C0 /* Services */ = {
			isa = PBXGroup;
			children = (
				39879B312729950300AF82C0 /* DataManager.swift */,
			);
			path = Services;
			sourceTree = "<group>";
		};
		39BA0D172709D6E3003147F8 /* Structures */ = {
			isa = PBXGroup;
			children = (
				39BA0D1A2709D778003147F8 /* User.swift */,
				39F16A402725E91500004B9A /* Post.swift */,
			);
			path = Structures;
			sourceTree = "<group>";
		};
		5EE68FF427036B9200F5C170 = {
			isa = PBXGroup;
			children = (
				5EE68FFF27036B9200F5C170 /* Lesson4 */,
				5EE68FFE27036B9200F5C170 /* Products */,
			);
			sourceTree = "<group>";
		};
		5EE68FFE27036B9200F5C170 /* Products */ = {
			isa = PBXGroup;
			children = (
				5EE68FFD27036B9200F5C170 /* Lesson4.app */,
			);
			name = Products;
			sourceTree = "<group>";
		};
		5EE68FFF27036B9200F5C170 /* Lesson4 */ = {
			isa = PBXGroup;
			children = (
				39879B30272994DE00AF82C0 /* Services */,
				394A4BE22718783900ADC4C9 /* Resources */,
				39BA0D172709D6E3003147F8 /* Structures */,
				394A4BE3271878AF00ADC4C9 /* Presentation */,
			);
			path = Lesson4;
			sourceTree = "<group>";
		};
/* End PBXGroup section */

/* Begin PBXNativeTarget section */
		5EE68FFC27036B9200F5C170 /* Lesson4 */ = {
			isa = PBXNativeTarget;
			buildConfigurationList = 5EE6901127036B9400F5C170 /* Build configuration list for PBXNativeTarget "Lesson4" */;
			buildPhases = (
				5EE68FF927036B9200F5C170 /* Sources */,
				5EE68FFA27036B9200F5C170 /* Frameworks */,
				5EE68FFB27036B9200F5C170 /* Resources */,
			);
			buildRules = (
			);
			dependencies = (
			);
			name = Lesson4;
			productName = Lesson4;
			productReference = 5EE68FFD27036B9200F5C170 /* Lesson4.app */;
			productType = "com.apple.product-type.application";
		};
/* End PBXNativeTarget section */

/* Begin PBXProject section */
		5EE68FF527036B9200F5C170 /* Project object */ = {
			isa = PBXProject;
			attributes = {
				LastSwiftUpdateCheck = 1250;
				LastUpgradeCheck = 1250;
				TargetAttributes = {
					5EE68FFC27036B9200F5C170 = {
						CreatedOnToolsVersion = 12.5.1;
					};
				};
			};
			buildConfigurationList = 5EE68FF827036B9200F5C170 /* Build configuration list for PBXProject "Lesson4" */;
			compatibilityVersion = "Xcode 9.3";
			developmentRegion = en;
			hasScannedForEncodings = 0;
			knownRegions = (
				en,
				Base,
			);
			mainGroup = 5EE68FF427036B9200F5C170;
			productRefGroup = 5EE68FFE27036B9200F5C170 /* Products */;
			projectDirPath = "";
			projectRoot = "";
			targets = (
				5EE68FFC27036B9200F5C170 /* Lesson4 */,
			);
		};
/* End PBXProject section */

/* Begin PBXResourcesBuildPhase section */
		5EE68FFB27036B9200F5C170 /* Resources */ = {
			isa = PBXResourcesBuildPhase;
			buildActionMask = 2147483647;
			files = (
				5EE6900D27036B9400F5C170 /* LaunchScreen.storyboard in Resources */,
				5EE6900A27036B9400F5C170 /* Assets.xcassets in Resources */,
				5EE6900827036B9200F5C170 /* Main.storyboard in Resources */,
			);
			runOnlyForDeploymentPostprocessing = 0;
		};
/* End PBXResourcesBuildPhase section */

/* Begin PBXSourcesBuildPhase section */
		5EE68FF927036B9200F5C170 /* Sources */ = {
			isa = PBXSourcesBuildPhase;
			buildActionMask = 2147483647;
			files = (
				39879B382729C56800AF82C0 /* InfoTableViewCell.swift in Sources */,
				39EEADFA2709110600E11418 /* InitialViewController.swift in Sources */,
				39879B362729B0D500AF82C0 /* MainTableViewCell.swift in Sources */,
				39F16A412725E91500004B9A /* Post.swift in Sources */,
				39879B3A2729C68600AF82C0 /* ProfileViewController.swift in Sources */,
				5EE6900127036B9200F5C170 /* AppDelegate.swift in Sources */,
				39879B40272AFA3500AF82C0 /* EditViewController.swift in Sources */,
				39879B322729950300AF82C0 /* DataManager.swift in Sources */,
				39A134A3271FFDB600B4125A /* PostViewController.swift in Sources */,
				39BA0D1B2709D778003147F8 /* User.swift in Sources */,
				39EEADFC2709174400E11418 /* RegistrationViewController.swift in Sources */,
				39F16A3F2725E69600004B9A /* FeedViewController.swift in Sources */,
				39BA0D162709D452003147F8 /* LoginViewController.swift in Sources */,
				5EE6900327036B9200F5C170 /* SceneDelegate.swift in Sources */,
				394A4BE92718DE6600ADC4C9 /* PostTableViewCell.swift in Sources */,
			);
			runOnlyForDeploymentPostprocessing = 0;
		};
/* End PBXSourcesBuildPhase section */

/* Begin PBXVariantGroup section */
		5EE6900627036B9200F5C170 /* Main.storyboard */ = {
			isa = PBXVariantGroup;
			children = (
				5EE6900727036B9200F5C170 /* Base */,
			);
			name = Main.storyboard;
			sourceTree = "<group>";
		};
		5EE6900B27036B9400F5C170 /* LaunchScreen.storyboard */ = {
			isa = PBXVariantGroup;
			children = (
				5EE6900C27036B9400F5C170 /* Base */,
			);
			name = LaunchScreen.storyboard;
			sourceTree = "<group>";
		};
/* End PBXVariantGroup section */

/* Begin XCBuildConfiguration section */
		5EE6900F27036B9400F5C170 /* Debug */ = {
			isa = XCBuildConfiguration;
			buildSettings = {
				ALWAYS_SEARCH_USER_PATHS = NO;
				CLANG_ANALYZER_NONNULL = YES;
				CLANG_ANALYZER_NUMBER_OBJECT_CONVERSION = YES_AGGRESSIVE;
				CLANG_CXX_LANGUAGE_STANDARD = "gnu++14";
				CLANG_CXX_LIBRARY = "libc++";
				CLANG_ENABLE_MODULES = YES;
				CLANG_ENABLE_OBJC_ARC = YES;
				CLANG_ENABLE_OBJC_WEAK = YES;
				CLANG_WARN_BLOCK_CAPTURE_AUTORELEASING = YES;
				CLANG_WARN_BOOL_CONVERSION = YES;
				CLANG_WARN_COMMA = YES;
				CLANG_WARN_CONSTANT_CONVERSION = YES;
				CLANG_WARN_DEPRECATED_OBJC_IMPLEMENTATIONS = YES;
				CLANG_WARN_DIRECT_OBJC_ISA_USAGE = YES_ERROR;
				CLANG_WARN_DOCUMENTATION_COMMENTS = YES;
				CLANG_WARN_EMPTY_BODY = YES;
				CLANG_WARN_ENUM_CONVERSION = YES;
				CLANG_WARN_INFINITE_RECURSION = YES;
				CLANG_WARN_INT_CONVERSION = YES;
				CLANG_WARN_NON_LITERAL_NULL_CONVERSION = YES;
				CLANG_WARN_OBJC_IMPLICIT_RETAIN_SELF = YES;
				CLANG_WARN_OBJC_LITERAL_CONVERSION = YES;
				CLANG_WARN_OBJC_ROOT_CLASS = YES_ERROR;
				CLANG_WARN_QUOTED_INCLUDE_IN_FRAMEWORK_HEADER = YES;
				CLANG_WARN_RANGE_LOOP_ANALYSIS = YES;
				CLANG_WARN_STRICT_PROTOTYPES = YES;
				CLANG_WARN_SUSPICIOUS_MOVE = YES;
				CLANG_WARN_UNGUARDED_AVAILABILITY = YES_AGGRESSIVE;
				CLANG_WARN_UNREACHABLE_CODE = YES;
				CLANG_WARN__DUPLICATE_METHOD_MATCH = YES;
				COPY_PHASE_STRIP = NO;
				DEBUG_INFORMATION_FORMAT = dwarf;
				ENABLE_STRICT_OBJC_MSGSEND = YES;
				ENABLE_TESTABILITY = YES;
				GCC_C_LANGUAGE_STANDARD = gnu11;
				GCC_DYNAMIC_NO_PIC = NO;
				GCC_NO_COMMON_BLOCKS = YES;
				GCC_OPTIMIZATION_LEVEL = 0;
				GCC_PREPROCESSOR_DEFINITIONS = (
					"DEBUG=1",
					"$(inherited)",
				);
				GCC_WARN_64_TO_32_BIT_CONVERSION = YES;
				GCC_WARN_ABOUT_RETURN_TYPE = YES_ERROR;
				GCC_WARN_UNDECLARED_SELECTOR = YES;
				GCC_WARN_UNINITIALIZED_AUTOS = YES_AGGRESSIVE;
				GCC_WARN_UNUSED_FUNCTION = YES;
				GCC_WARN_UNUSED_VARIABLE = YES;
				IPHONEOS_DEPLOYMENT_TARGET = 14.5;
				MTL_ENABLE_DEBUG_INFO = INCLUDE_SOURCE;
				MTL_FAST_MATH = YES;
				ONLY_ACTIVE_ARCH = YES;
				SDKROOT = iphoneos;
				SWIFT_ACTIVE_COMPILATION_CONDITIONS = DEBUG;
				SWIFT_OPTIMIZATION_LEVEL = "-Onone";
			};
			name = Debug;
		};
		5EE6901027036B9400F5C170 /* Release */ = {
			isa = XCBuildConfiguration;
			buildSettings = {
				ALWAYS_SEARCH_USER_PATHS = NO;
				CLANG_ANALYZER_NONNULL = YES;
				CLANG_ANALYZER_NUMBER_OBJECT_CONVERSION = YES_AGGRESSIVE;
				CLANG_CXX_LANGUAGE_STANDARD = "gnu++14";
				CLANG_CXX_LIBRARY = "libc++";
				CLANG_ENABLE_MODULES = YES;
				CLANG_ENABLE_OBJC_ARC = YES;
				CLANG_ENABLE_OBJC_WEAK = YES;
				CLANG_WARN_BLOCK_CAPTURE_AUTORELEASING = YES;
				CLANG_WARN_BOOL_CONVERSION = YES;
				CLANG_WARN_COMMA = YES;
				CLANG_WARN_CONSTANT_CONVERSION = YES;
				CLANG_WARN_DEPRECATED_OBJC_IMPLEMENTATIONS = YES;
				CLANG_WARN_DIRECT_OBJC_ISA_USAGE = YES_ERROR;
				CLANG_WARN_DOCUMENTATION_COMMENTS = YES;
				CLANG_WARN_EMPTY_BODY = YES;
				CLANG_WARN_ENUM_CONVERSION = YES;
				CLANG_WARN_INFINITE_RECURSION = YES;
				CLANG_WARN_INT_CONVERSION = YES;
				CLANG_WARN_NON_LITERAL_NULL_CONVERSION = YES;
				CLANG_WARN_OBJC_IMPLICIT_RETAIN_SELF = YES;
				CLANG_WARN_OBJC_LITERAL_CONVERSION = YES;
				CLANG_WARN_OBJC_ROOT_CLASS = YES_ERROR;
				CLANG_WARN_QUOTED_INCLUDE_IN_FRAMEWORK_HEADER = YES;
				CLANG_WARN_RANGE_LOOP_ANALYSIS = YES;
				CLANG_WARN_STRICT_PROTOTYPES = YES;
				CLANG_WARN_SUSPICIOUS_MOVE = YES;
				CLANG_WARN_UNGUARDED_AVAILABILITY = YES_AGGRESSIVE;
				CLANG_WARN_UNREACHABLE_CODE = YES;
				CLANG_WARN__DUPLICATE_METHOD_MATCH = YES;
				COPY_PHASE_STRIP = NO;
				DEBUG_INFORMATION_FORMAT = "dwarf-with-dsym";
				ENABLE_NS_ASSERTIONS = NO;
				ENABLE_STRICT_OBJC_MSGSEND = YES;
				GCC_C_LANGUAGE_STANDARD = gnu11;
				GCC_NO_COMMON_BLOCKS = YES;
				GCC_WARN_64_TO_32_BIT_CONVERSION = YES;
				GCC_WARN_ABOUT_RETURN_TYPE = YES_ERROR;
				GCC_WARN_UNDECLARED_SELECTOR = YES;
				GCC_WARN_UNINITIALIZED_AUTOS = YES_AGGRESSIVE;
				GCC_WARN_UNUSED_FUNCTION = YES;
				GCC_WARN_UNUSED_VARIABLE = YES;
				IPHONEOS_DEPLOYMENT_TARGET = 14.5;
				MTL_ENABLE_DEBUG_INFO = NO;
				MTL_FAST_MATH = YES;
				SDKROOT = iphoneos;
				SWIFT_COMPILATION_MODE = wholemodule;
				SWIFT_OPTIMIZATION_LEVEL = "-O";
				VALIDATE_PRODUCT = YES;
			};
			name = Release;
		};
		5EE6901227036B9400F5C170 /* Debug */ = {
			isa = XCBuildConfiguration;
			buildSettings = {
				ASSETCATALOG_COMPILER_APPICON_NAME = AppIcon;
				ASSETCATALOG_COMPILER_GLOBAL_ACCENT_COLOR_NAME = AccentColor;
				CODE_SIGN_STYLE = Automatic;
				DEVELOPMENT_TEAM = 939KD425D9;
				INFOPLIST_FILE = "$(SRCROOT)/Lesson4/Resources/Info.plist";
				IPHONEOS_DEPLOYMENT_TARGET = 13.0;
				LD_RUNPATH_SEARCH_PATHS = (
					"$(inherited)",
					"@executable_path/Frameworks",
				);
				PRODUCT_BUNDLE_IDENTIFIER = com.playground.autolayouts.Lesson4;
				PRODUCT_NAME = "$(TARGET_NAME)";
				SWIFT_VERSION = 5.0;
				TARGETED_DEVICE_FAMILY = 1;
			};
			name = Debug;
		};
		5EE6901327036B9400F5C170 /* Release */ = {
			isa = XCBuildConfiguration;
			buildSettings = {
				ASSETCATALOG_COMPILER_APPICON_NAME = AppIcon;
				ASSETCATALOG_COMPILER_GLOBAL_ACCENT_COLOR_NAME = AccentColor;
				CODE_SIGN_STYLE = Automatic;
				DEVELOPMENT_TEAM = 939KD425D9;
				INFOPLIST_FILE = "$(SRCROOT)/Lesson4/Resources/Info.plist";
				IPHONEOS_DEPLOYMENT_TARGET = 13.0;
				LD_RUNPATH_SEARCH_PATHS = (
					"$(inherited)",
					"@executable_path/Frameworks",
				);
				PRODUCT_BUNDLE_IDENTIFIER = com.playground.autolayouts.Lesson4;
				PRODUCT_NAME = "$(TARGET_NAME)";
				SWIFT_VERSION = 5.0;
				TARGETED_DEVICE_FAMILY = 1;
			};
			name = Release;
		};
/* End XCBuildConfiguration section */

/* Begin XCConfigurationList section */
		5EE68FF827036B9200F5C170 /* Build configuration list for PBXProject "Lesson4" */ = {
			isa = XCConfigurationList;
			buildConfigurations = (
				5EE6900F27036B9400F5C170 /* Debug */,
				5EE6901027036B9400F5C170 /* Release */,
			);
			defaultConfigurationIsVisible = 0;
			defaultConfigurationName = Release;
		};
		5EE6901127036B9400F5C170 /* Build configuration list for PBXNativeTarget "Lesson4" */ = {
			isa = XCConfigurationList;
			buildConfigurations = (
				5EE6901227036B9400F5C170 /* Debug */,
				5EE6901327036B9400F5C170 /* Release */,
			);
			defaultConfigurationIsVisible = 0;
			defaultConfigurationName = Release;
		};
/* End XCConfigurationList section */
	};
	rootObject = 5EE68FF527036B9200F5C170 /* Project object */;
}
