// !$*UTF8*$!
{
	archiveVersion = 1;
	classes = {
	};
	objectVersion = 50;
	objects = {

/* Begin PBXBuildFile section */
		5EE6900127036B9200F5C170 /* AppDelegate.swift in Sources */ = {isa = PBXBuildFile; fileRef = 5EE6900027036B9200F5C170 /* AppDelegate.swift */; };
		5EE6900327036B9200F5C170 /* SceneDelegate.swift in Sources */ = {isa = PBXBuildFile; fileRef = 5EE6900227036B9200F5C170 /* SceneDelegate.swift */; };
		5EE6900827036B9200F5C170 /* Main.storyboard in Resources */ = {isa = PBXBuildFile; fileRef = 5EE6900627036B9200F5C170 /* Main.storyboard */; };
		5EE6900A27036B9400F5C170 /* Assets.xcassets in Resources */ = {isa = PBXBuildFile; fileRef = 5EE6900927036B9400F5C170 /* Assets.xcassets */; };
		5EE6900D27036B9400F5C170 /* LaunchScreen.storyboard in Resources */ = {isa = PBXBuildFile; fileRef = 5EE6900B27036B9400F5C170 /* LaunchScreen.storyboard */; };
		E513AEFE271F6EA400B578D0 /* Person.swift in Sources */ = {isa = PBXBuildFile; fileRef = E513AEFD271F6EA400B578D0 /* Person.swift */; };
		E513AF00271F6EB200B578D0 /* Post.swift in Sources */ = {isa = PBXBuildFile; fileRef = E513AEFF271F6EB200B578D0 /* Post.swift */; };
		E513AF02271F6EC600B578D0 /* Alert.swift in Sources */ = {isa = PBXBuildFile; fileRef = E513AF01271F6EC600B578D0 /* Alert.swift */; };
		E513AF04271F6EDF00B578D0 /* GeneratorForProfile.swift in Sources */ = {isa = PBXBuildFile; fileRef = E513AF03271F6EDF00B578D0 /* GeneratorForProfile.swift */; };
		E513AF06271F6EF200B578D0 /* GeneratorForPosts.swift in Sources */ = {isa = PBXBuildFile; fileRef = E513AF05271F6EF200B578D0 /* GeneratorForPosts.swift */; };
		E513AF08271F6F0500B578D0 /* ValidPassword.swift in Sources */ = {isa = PBXBuildFile; fileRef = E513AF07271F6F0500B578D0 /* ValidPassword.swift */; };
		E513AF0A271F6F1B00B578D0 /* ValidEmail.swift in Sources */ = {isa = PBXBuildFile; fileRef = E513AF09271F6F1B00B578D0 /* ValidEmail.swift */; };
		E513AF0C271F6F3600B578D0 /* SaverOfProfile.swift in Sources */ = {isa = PBXBuildFile; fileRef = E513AF0B271F6F3600B578D0 /* SaverOfProfile.swift */; };
		E513AF0E271F6F5700B578D0 /* CheckerLogIn.swift in Sources */ = {isa = PBXBuildFile; fileRef = E513AF0D271F6F5700B578D0 /* CheckerLogIn.swift */; };
		E513AF10271F6F6C00B578D0 /* PostService.swift in Sources */ = {isa = PBXBuildFile; fileRef = E513AF0F271F6F6C00B578D0 /* PostService.swift */; };
		E513AF13271F6FB100B578D0 /* General.storyboard in Resources */ = {isa = PBXBuildFile; fileRef = E513AF12271F6FB100B578D0 /* General.storyboard */; };
		E513AF15271F6FD900B578D0 /* Registration.storyboard in Resources */ = {isa = PBXBuildFile; fileRef = E513AF14271F6FD900B578D0 /* Registration.storyboard */; };
		E513AF17271F700F00B578D0 /* ChangeStatus.storyboard in Resources */ = {isa = PBXBuildFile; fileRef = E513AF16271F700F00B578D0 /* ChangeStatus.storyboard */; };
		E513AF1B271F707E00B578D0 /* ChangeStatusViewController.swift in Sources */ = {isa = PBXBuildFile; fileRef = E513AF1A271F707E00B578D0 /* ChangeStatusViewController.swift */; };
		E513AF1F271F70E100B578D0 /* ViewController.swift in Sources */ = {isa = PBXBuildFile; fileRef = E513AF1E271F70E100B578D0 /* ViewController.swift */; };
		E513AF22271F711800B578D0 /* RegistrationViewController.swift in Sources */ = {isa = PBXBuildFile; fileRef = E513AF21271F711800B578D0 /* RegistrationViewController.swift */; };
		E513AF25271F714600B578D0 /* ProfleViewController.swift in Sources */ = {isa = PBXBuildFile; fileRef = E513AF24271F714600B578D0 /* ProfleViewController.swift */; };
		E513AF27271F715900B578D0 /* ProfileTableViewCell.swift in Sources */ = {isa = PBXBuildFile; fileRef = E513AF26271F715900B578D0 /* ProfileTableViewCell.swift */; };
		E513AF29271F717900B578D0 /* DetailProfileViewController.swift in Sources */ = {isa = PBXBuildFile; fileRef = E513AF28271F717900B578D0 /* DetailProfileViewController.swift */; };
		E513AF2C271F71D700B578D0 /* FeedViewController.swift in Sources */ = {isa = PBXBuildFile; fileRef = E513AF2B271F71D700B578D0 /* FeedViewController.swift */; };
		E513AF2E271F71E600B578D0 /* DetailViewCell.swift in Sources */ = {isa = PBXBuildFile; fileRef = E513AF2D271F71E600B578D0 /* DetailViewCell.swift */; };
		E513AF30271F71F600B578D0 /* CustomTableViewCell.swift in Sources */ = {isa = PBXBuildFile; fileRef = E513AF2F271F71F600B578D0 /* CustomTableViewCell.swift */; };
		E5B0A4F42739BA5B00EAE5F7 /* AdderAccaunts.swift in Sources */ = {isa = PBXBuildFile; fileRef = E5B0A4F32739BA5B00EAE5F7 /* AdderAccaunts.swift */; };
/* End PBXBuildFile section */

/* Begin PBXFileReference section */
		5EE68FFD27036B9200F5C170 /* Lesson4.app */ = {isa = PBXFileReference; explicitFileType = wrapper.application; includeInIndex = 0; path = Lesson4.app; sourceTree = BUILT_PRODUCTS_DIR; };
		5EE6900027036B9200F5C170 /* AppDelegate.swift */ = {isa = PBXFileReference; lastKnownFileType = sourcecode.swift; path = AppDelegate.swift; sourceTree = "<group>"; };
		5EE6900227036B9200F5C170 /* SceneDelegate.swift */ = {isa = PBXFileReference; lastKnownFileType = sourcecode.swift; path = SceneDelegate.swift; sourceTree = "<group>"; };
		5EE6900727036B9200F5C170 /* Base */ = {isa = PBXFileReference; lastKnownFileType = file.storyboard; name = Base; path = Base.lproj/Main.storyboard; sourceTree = "<group>"; };
		5EE6900927036B9400F5C170 /* Assets.xcassets */ = {isa = PBXFileReference; lastKnownFileType = folder.assetcatalog; path = Assets.xcassets; sourceTree = "<group>"; };
		5EE6900C27036B9400F5C170 /* Base */ = {isa = PBXFileReference; lastKnownFileType = file.storyboard; name = Base; path = Base.lproj/LaunchScreen.storyboard; sourceTree = "<group>"; };
		5EE6900E27036B9400F5C170 /* Info.plist */ = {isa = PBXFileReference; lastKnownFileType = text.plist.xml; path = Info.plist; sourceTree = "<group>"; };
		E513AEFD271F6EA400B578D0 /* Person.swift */ = {isa = PBXFileReference; lastKnownFileType = sourcecode.swift; path = Person.swift; sourceTree = "<group>"; };
		E513AEFF271F6EB200B578D0 /* Post.swift */ = {isa = PBXFileReference; lastKnownFileType = sourcecode.swift; path = Post.swift; sourceTree = "<group>"; };
		E513AF01271F6EC600B578D0 /* Alert.swift */ = {isa = PBXFileReference; lastKnownFileType = sourcecode.swift; path = Alert.swift; sourceTree = "<group>"; };
		E513AF03271F6EDF00B578D0 /* GeneratorForProfile.swift */ = {isa = PBXFileReference; lastKnownFileType = sourcecode.swift; path = GeneratorForProfile.swift; sourceTree = "<group>"; };
		E513AF05271F6EF200B578D0 /* GeneratorForPosts.swift */ = {isa = PBXFileReference; lastKnownFileType = sourcecode.swift; path = GeneratorForPosts.swift; sourceTree = "<group>"; };
		E513AF07271F6F0500B578D0 /* ValidPassword.swift */ = {isa = PBXFileReference; lastKnownFileType = sourcecode.swift; path = ValidPassword.swift; sourceTree = "<group>"; };
		E513AF09271F6F1B00B578D0 /* ValidEmail.swift */ = {isa = PBXFileReference; lastKnownFileType = sourcecode.swift; path = ValidEmail.swift; sourceTree = "<group>"; };
		E513AF0B271F6F3600B578D0 /* SaverOfProfile.swift */ = {isa = PBXFileReference; lastKnownFileType = sourcecode.swift; path = SaverOfProfile.swift; sourceTree = "<group>"; };
		E513AF0D271F6F5700B578D0 /* CheckerLogIn.swift */ = {isa = PBXFileReference; lastKnownFileType = sourcecode.swift; path = CheckerLogIn.swift; sourceTree = "<group>"; };
		E513AF0F271F6F6C00B578D0 /* PostService.swift */ = {isa = PBXFileReference; lastKnownFileType = sourcecode.swift; path = PostService.swift; sourceTree = "<group>"; };
		E513AF12271F6FB100B578D0 /* General.storyboard */ = {isa = PBXFileReference; lastKnownFileType = file.storyboard; path = General.storyboard; sourceTree = "<group>"; };
		E513AF14271F6FD900B578D0 /* Registration.storyboard */ = {isa = PBXFileReference; lastKnownFileType = file.storyboard; path = Registration.storyboard; sourceTree = "<group>"; };
		E513AF16271F700F00B578D0 /* ChangeStatus.storyboard */ = {isa = PBXFileReference; lastKnownFileType = file.storyboard; path = ChangeStatus.storyboard; sourceTree = "<group>"; };
		E513AF1A271F707E00B578D0 /* ChangeStatusViewController.swift */ = {isa = PBXFileReference; lastKnownFileType = sourcecode.swift; path = ChangeStatusViewController.swift; sourceTree = "<group>"; };
		E513AF1E271F70E100B578D0 /* ViewController.swift */ = {isa = PBXFileReference; lastKnownFileType = sourcecode.swift; path = ViewController.swift; sourceTree = "<group>"; };
		E513AF21271F711800B578D0 /* RegistrationViewController.swift */ = {isa = PBXFileReference; lastKnownFileType = sourcecode.swift; path = RegistrationViewController.swift; sourceTree = "<group>"; };
		E513AF24271F714600B578D0 /* ProfleViewController.swift */ = {isa = PBXFileReference; lastKnownFileType = sourcecode.swift; path = ProfleViewController.swift; sourceTree = "<group>"; };
		E513AF26271F715900B578D0 /* ProfileTableViewCell.swift */ = {isa = PBXFileReference; lastKnownFileType = sourcecode.swift; path = ProfileTableViewCell.swift; sourceTree = "<group>"; };
		E513AF28271F717900B578D0 /* DetailProfileViewController.swift */ = {isa = PBXFileReference; lastKnownFileType = sourcecode.swift; path = DetailProfileViewController.swift; sourceTree = "<group>"; };
		E513AF2B271F71D700B578D0 /* FeedViewController.swift */ = {isa = PBXFileReference; lastKnownFileType = sourcecode.swift; path = FeedViewController.swift; sourceTree = "<group>"; };
		E513AF2D271F71E600B578D0 /* DetailViewCell.swift */ = {isa = PBXFileReference; lastKnownFileType = sourcecode.swift; path = DetailViewCell.swift; sourceTree = "<group>"; };
		E513AF2F271F71F600B578D0 /* CustomTableViewCell.swift */ = {isa = PBXFileReference; lastKnownFileType = sourcecode.swift; path = CustomTableViewCell.swift; sourceTree = "<group>"; };
		E5B0A4F32739BA5B00EAE5F7 /* AdderAccaunts.swift */ = {isa = PBXFileReference; lastKnownFileType = sourcecode.swift; path = AdderAccaunts.swift; sourceTree = "<group>"; };
/* End PBXFileReference section */

/* Begin PBXFrameworksBuildPhase section */
		5EE68FFA27036B9200F5C170 /* Frameworks */ = {
			isa = PBXFrameworksBuildPhase;
			buildActionMask = 2147483647;
			files = (
			);
			runOnlyForDeploymentPostprocessing = 0;
		};
/* End PBXFrameworksBuildPhase section */

/* Begin PBXGroup section */
		5EE68FF427036B9200F5C170 = {
			isa = PBXGroup;
			children = (
				5EE68FFF27036B9200F5C170 /* Lesson4 */,
				5EE68FFE27036B9200F5C170 /* Products */,
			);
			sourceTree = "<group>";
		};
		5EE68FFE27036B9200F5C170 /* Products */ = {
			isa = PBXGroup;
			children = (
				5EE68FFD27036B9200F5C170 /* Lesson4.app */,
			);
			name = Products;
			sourceTree = "<group>";
		};
		5EE68FFF27036B9200F5C170 /* Lesson4 */ = {
			isa = PBXGroup;
			children = (
				E513AEFC271F6E8500B578D0 /* Model */,
				E513AF18271F703600B578D0 /* Conroller */,
				E513AF11271F6F9700B578D0 /* View */,
				5EE6900027036B9200F5C170 /* AppDelegate.swift */,
				5EE6900E27036B9400F5C170 /* Info.plist */,
				5EE6900927036B9400F5C170 /* Assets.xcassets */,
				5EE6900227036B9200F5C170 /* SceneDelegate.swift */,
				5EE6900B27036B9400F5C170 /* LaunchScreen.storyboard */,
			);
			path = Lesson4;
			sourceTree = "<group>";
		};
		E513AEFC271F6E8500B578D0 /* Model */ = {
			isa = PBXGroup;
			children = (
				E513AEFD271F6EA400B578D0 /* Person.swift */,
				E513AEFF271F6EB200B578D0 /* Post.swift */,
				E513AF01271F6EC600B578D0 /* Alert.swift */,
				E513AF03271F6EDF00B578D0 /* GeneratorForProfile.swift */,
				E513AF05271F6EF200B578D0 /* GeneratorForPosts.swift */,
				E513AF07271F6F0500B578D0 /* ValidPassword.swift */,
				E513AF09271F6F1B00B578D0 /* ValidEmail.swift */,
				E513AF0B271F6F3600B578D0 /* SaverOfProfile.swift */,
				E513AF0D271F6F5700B578D0 /* CheckerLogIn.swift */,
				E513AF0F271F6F6C00B578D0 /* PostService.swift */,
				E5B0A4F32739BA5B00EAE5F7 /* AdderAccaunts.swift */,
			);
			path = Model;
			sourceTree = "<group>";
		};
		E513AF11271F6F9700B578D0 /* View */ = {
			isa = PBXGroup;
			children = (
				E513AF12271F6FB100B578D0 /* General.storyboard */,
				5EE6900627036B9200F5C170 /* Main.storyboard */,
				E513AF14271F6FD900B578D0 /* Registration.storyboard */,
				E513AF16271F700F00B578D0 /* ChangeStatus.storyboard */,
			);
			path = View;
			sourceTree = "<group>";
		};
		E513AF18271F703600B578D0 /* Conroller */ = {
			isa = PBXGroup;
			children = (
				E513AF2A271F71BB00B578D0 /* Feeds */,
				E513AF23271F712F00B578D0 /* Profile */,
				E513AF20271F710500B578D0 /* Registration */,
				E513AF1C271F709000B578D0 /* Elementary Screen */,
				E513AF19271F706400B578D0 /* Change Status */,
			);
			path = Conroller;
			sourceTree = "<group>";
		};
		E513AF19271F706400B578D0 /* Change Status */ = {
			isa = PBXGroup;
			children = (
				E513AF1A271F707E00B578D0 /* ChangeStatusViewController.swift */,
			);
			path = "Change Status";
			sourceTree = "<group>";
		};
		E513AF1C271F709000B578D0 /* Elementary Screen */ = {
			isa = PBXGroup;
			children = (
				E513AF1E271F70E100B578D0 /* ViewController.swift */,
			);
			path = "Elementary Screen";
			sourceTree = "<group>";
		};
		E513AF20271F710500B578D0 /* Registration */ = {
			isa = PBXGroup;
			children = (
				E513AF21271F711800B578D0 /* RegistrationViewController.swift */,
			);
			path = Registration;
			sourceTree = "<group>";
		};
		E513AF23271F712F00B578D0 /* Profile */ = {
			isa = PBXGroup;
			children = (
				E513AF24271F714600B578D0 /* ProfleViewController.swift */,
				E513AF26271F715900B578D0 /* ProfileTableViewCell.swift */,
				E513AF28271F717900B578D0 /* DetailProfileViewController.swift */,
			);
			path = Profile;
			sourceTree = "<group>";
		};
		E513AF2A271F71BB00B578D0 /* Feeds */ = {
			isa = PBXGroup;
			children = (
				E513AF2B271F71D700B578D0 /* FeedViewController.swift */,
				E513AF2D271F71E600B578D0 /* DetailViewCell.swift */,
				E513AF2F271F71F600B578D0 /* CustomTableViewCell.swift */,
			);
			path = Feeds;
			sourceTree = "<group>";
		};
/* End PBXGroup section */

/* Begin PBXNativeTarget section */
		5EE68FFC27036B9200F5C170 /* Lesson4 */ = {
			isa = PBXNativeTarget;
			buildConfigurationList = 5EE6901127036B9400F5C170 /* Build configuration list for PBXNativeTarget "Lesson4" */;
			buildPhases = (
				5EE68FF927036B9200F5C170 /* Sources */,
				5EE68FFA27036B9200F5C170 /* Frameworks */,
				5EE68FFB27036B9200F5C170 /* Resources */,
			);
			buildRules = (
			);
			dependencies = (
			);
			name = Lesson4;
			productName = Lesson4;
			productReference = 5EE68FFD27036B9200F5C170 /* Lesson4.app */;
			productType = "com.apple.product-type.application";
		};
/* End PBXNativeTarget section */

/* Begin PBXProject section */
		5EE68FF527036B9200F5C170 /* Project object */ = {
			isa = PBXProject;
			attributes = {
				LastSwiftUpdateCheck = 1250;
				LastUpgradeCheck = 1250;
				TargetAttributes = {
					5EE68FFC27036B9200F5C170 = {
						CreatedOnToolsVersion = 12.5.1;
					};
				};
			};
			buildConfigurationList = 5EE68FF827036B9200F5C170 /* Build configuration list for PBXProject "Lesson4" */;
			compatibilityVersion = "Xcode 9.3";
			developmentRegion = en;
			hasScannedForEncodings = 0;
			knownRegions = (
				en,
				Base,
			);
			mainGroup = 5EE68FF427036B9200F5C170;
			productRefGroup = 5EE68FFE27036B9200F5C170 /* Products */;
			projectDirPath = "";
			projectRoot = "";
			targets = (
				5EE68FFC27036B9200F5C170 /* Lesson4 */,
			);
		};
/* End PBXProject section */

/* Begin PBXResourcesBuildPhase section */
		5EE68FFB27036B9200F5C170 /* Resources */ = {
			isa = PBXResourcesBuildPhase;
			buildActionMask = 2147483647;
			files = (
				E513AF17271F700F00B578D0 /* ChangeStatus.storyboard in Resources */,
				E513AF15271F6FD900B578D0 /* Registration.storyboard in Resources */,
				5EE6900D27036B9400F5C170 /* LaunchScreen.storyboard in Resources */,
				5EE6900A27036B9400F5C170 /* Assets.xcassets in Resources */,
				5EE6900827036B9200F5C170 /* Main.storyboard in Resources */,
				E513AF13271F6FB100B578D0 /* General.storyboard in Resources */,
			);
			runOnlyForDeploymentPostprocessing = 0;
		};
/* End PBXResourcesBuildPhase section */

/* Begin PBXSourcesBuildPhase section */
		5EE68FF927036B9200F5C170 /* Sources */ = {
			isa = PBXSourcesBuildPhase;
			buildActionMask = 2147483647;
			files = (
				E513AEFE271F6EA400B578D0 /* Person.swift in Sources */,
				E513AF0A271F6F1B00B578D0 /* ValidEmail.swift in Sources */,
				E513AF08271F6F0500B578D0 /* ValidPassword.swift in Sources */,
				E513AF30271F71F600B578D0 /* CustomTableViewCell.swift in Sources */,
				5EE6900127036B9200F5C170 /* AppDelegate.swift in Sources */,
				E513AF2C271F71D700B578D0 /* FeedViewController.swift in Sources */,
				E513AF1F271F70E100B578D0 /* ViewController.swift in Sources */,
				E513AF0E271F6F5700B578D0 /* CheckerLogIn.swift in Sources */,
				E513AF0C271F6F3600B578D0 /* SaverOfProfile.swift in Sources */,
				5EE6900327036B9200F5C170 /* SceneDelegate.swift in Sources */,
				E5B0A4F42739BA5B00EAE5F7 /* AdderAccaunts.swift in Sources */,
				E513AF10271F6F6C00B578D0 /* PostService.swift in Sources */,
				E513AF29271F717900B578D0 /* DetailProfileViewController.swift in Sources */,
				E513AF22271F711800B578D0 /* RegistrationViewController.swift in Sources */,
				E513AF02271F6EC600B578D0 /* Alert.swift in Sources */,
				E513AF27271F715900B578D0 /* ProfileTableViewCell.swift in Sources */,
				E513AF00271F6EB200B578D0 /* Post.swift in Sources */,
				E513AF25271F714600B578D0 /* ProfleViewController.swift in Sources */,
				E513AF1B271F707E00B578D0 /* ChangeStatusViewController.swift in Sources */,
				E513AF2E271F71E600B578D0 /* DetailViewCell.swift in Sources */,
				E513AF04271F6EDF00B578D0 /* GeneratorForProfile.swift in Sources */,
				E513AF06271F6EF200B578D0 /* GeneratorForPosts.swift in Sources */,
			);
			runOnlyForDeploymentPostprocessing = 0;
		};
/* End PBXSourcesBuildPhase section */

/* Begin PBXVariantGroup section */
		5EE6900627036B9200F5C170 /* Main.storyboard */ = {
			isa = PBXVariantGroup;
			children = (
				5EE6900727036B9200F5C170 /* Base */,
			);
			name = Main.storyboard;
			sourceTree = "<group>";
		};
		5EE6900B27036B9400F5C170 /* LaunchScreen.storyboard */ = {
			isa = PBXVariantGroup;
			children = (
				5EE6900C27036B9400F5C170 /* Base */,
			);
			name = LaunchScreen.storyboard;
			sourceTree = "<group>";
		};
/* End PBXVariantGroup section */

/* Begin XCBuildConfiguration section */
		5EE6900F27036B9400F5C170 /* Debug */ = {
			isa = XCBuildConfiguration;
			buildSettings = {
				ALWAYS_SEARCH_USER_PATHS = NO;
				CLANG_ANALYZER_NONNULL = YES;
				CLANG_ANALYZER_NUMBER_OBJECT_CONVERSION = YES_AGGRESSIVE;
				CLANG_CXX_LANGUAGE_STANDARD = "gnu++14";
				CLANG_CXX_LIBRARY = "libc++";
				CLANG_ENABLE_MODULES = YES;
				CLANG_ENABLE_OBJC_ARC = YES;
				CLANG_ENABLE_OBJC_WEAK = YES;
				CLANG_WARN_BLOCK_CAPTURE_AUTORELEASING = YES;
				CLANG_WARN_BOOL_CONVERSION = YES;
				CLANG_WARN_COMMA = YES;
				CLANG_WARN_CONSTANT_CONVERSION = YES;
				CLANG_WARN_DEPRECATED_OBJC_IMPLEMENTATIONS = YES;
				CLANG_WARN_DIRECT_OBJC_ISA_USAGE = YES_ERROR;
				CLANG_WARN_DOCUMENTATION_COMMENTS = YES;
				CLANG_WARN_EMPTY_BODY = YES;
				CLANG_WARN_ENUM_CONVERSION = YES;
				CLANG_WARN_INFINITE_RECURSION = YES;
				CLANG_WARN_INT_CONVERSION = YES;
				CLANG_WARN_NON_LITERAL_NULL_CONVERSION = YES;
				CLANG_WARN_OBJC_IMPLICIT_RETAIN_SELF = YES;
				CLANG_WARN_OBJC_LITERAL_CONVERSION = YES;
				CLANG_WARN_OBJC_ROOT_CLASS = YES_ERROR;
				CLANG_WARN_QUOTED_INCLUDE_IN_FRAMEWORK_HEADER = YES;
				CLANG_WARN_RANGE_LOOP_ANALYSIS = YES;
				CLANG_WARN_STRICT_PROTOTYPES = YES;
				CLANG_WARN_SUSPICIOUS_MOVE = YES;
				CLANG_WARN_UNGUARDED_AVAILABILITY = YES_AGGRESSIVE;
				CLANG_WARN_UNREACHABLE_CODE = YES;
				CLANG_WARN__DUPLICATE_METHOD_MATCH = YES;
				COPY_PHASE_STRIP = NO;
				DEBUG_INFORMATION_FORMAT = dwarf;
				ENABLE_STRICT_OBJC_MSGSEND = YES;
				ENABLE_TESTABILITY = YES;
				GCC_C_LANGUAGE_STANDARD = gnu11;
				GCC_DYNAMIC_NO_PIC = NO;
				GCC_NO_COMMON_BLOCKS = YES;
				GCC_OPTIMIZATION_LEVEL = 0;
				GCC_PREPROCESSOR_DEFINITIONS = (
					"DEBUG=1",
					"$(inherited)",
				);
				GCC_WARN_64_TO_32_BIT_CONVERSION = YES;
				GCC_WARN_ABOUT_RETURN_TYPE = YES_ERROR;
				GCC_WARN_UNDECLARED_SELECTOR = YES;
				GCC_WARN_UNINITIALIZED_AUTOS = YES_AGGRESSIVE;
				GCC_WARN_UNUSED_FUNCTION = YES;
				GCC_WARN_UNUSED_VARIABLE = YES;
				IPHONEOS_DEPLOYMENT_TARGET = 14.5;
				MTL_ENABLE_DEBUG_INFO = INCLUDE_SOURCE;
				MTL_FAST_MATH = YES;
				ONLY_ACTIVE_ARCH = YES;
				SDKROOT = iphoneos;
				SWIFT_ACTIVE_COMPILATION_CONDITIONS = DEBUG;
				SWIFT_OPTIMIZATION_LEVEL = "-Onone";
			};
			name = Debug;
		};
		5EE6901027036B9400F5C170 /* Release */ = {
			isa = XCBuildConfiguration;
			buildSettings = {
				ALWAYS_SEARCH_USER_PATHS = NO;
				CLANG_ANALYZER_NONNULL = YES;
				CLANG_ANALYZER_NUMBER_OBJECT_CONVERSION = YES_AGGRESSIVE;
				CLANG_CXX_LANGUAGE_STANDARD = "gnu++14";
				CLANG_CXX_LIBRARY = "libc++";
				CLANG_ENABLE_MODULES = YES;
				CLANG_ENABLE_OBJC_ARC = YES;
				CLANG_ENABLE_OBJC_WEAK = YES;
				CLANG_WARN_BLOCK_CAPTURE_AUTORELEASING = YES;
				CLANG_WARN_BOOL_CONVERSION = YES;
				CLANG_WARN_COMMA = YES;
				CLANG_WARN_CONSTANT_CONVERSION = YES;
				CLANG_WARN_DEPRECATED_OBJC_IMPLEMENTATIONS = YES;
				CLANG_WARN_DIRECT_OBJC_ISA_USAGE = YES_ERROR;
				CLANG_WARN_DOCUMENTATION_COMMENTS = YES;
				CLANG_WARN_EMPTY_BODY = YES;
				CLANG_WARN_ENUM_CONVERSION = YES;
				CLANG_WARN_INFINITE_RECURSION = YES;
				CLANG_WARN_INT_CONVERSION = YES;
				CLANG_WARN_NON_LITERAL_NULL_CONVERSION = YES;
				CLANG_WARN_OBJC_IMPLICIT_RETAIN_SELF = YES;
				CLANG_WARN_OBJC_LITERAL_CONVERSION = YES;
				CLANG_WARN_OBJC_ROOT_CLASS = YES_ERROR;
				CLANG_WARN_QUOTED_INCLUDE_IN_FRAMEWORK_HEADER = YES;
				CLANG_WARN_RANGE_LOOP_ANALYSIS = YES;
				CLANG_WARN_STRICT_PROTOTYPES = YES;
				CLANG_WARN_SUSPICIOUS_MOVE = YES;
				CLANG_WARN_UNGUARDED_AVAILABILITY = YES_AGGRESSIVE;
				CLANG_WARN_UNREACHABLE_CODE = YES;
				CLANG_WARN__DUPLICATE_METHOD_MATCH = YES;
				COPY_PHASE_STRIP = NO;
				DEBUG_INFORMATION_FORMAT = "dwarf-with-dsym";
				ENABLE_NS_ASSERTIONS = NO;
				ENABLE_STRICT_OBJC_MSGSEND = YES;
				GCC_C_LANGUAGE_STANDARD = gnu11;
				GCC_NO_COMMON_BLOCKS = YES;
				GCC_WARN_64_TO_32_BIT_CONVERSION = YES;
				GCC_WARN_ABOUT_RETURN_TYPE = YES_ERROR;
				GCC_WARN_UNDECLARED_SELECTOR = YES;
				GCC_WARN_UNINITIALIZED_AUTOS = YES_AGGRESSIVE;
				GCC_WARN_UNUSED_FUNCTION = YES;
				GCC_WARN_UNUSED_VARIABLE = YES;
				IPHONEOS_DEPLOYMENT_TARGET = 14.5;
				MTL_ENABLE_DEBUG_INFO = NO;
				MTL_FAST_MATH = YES;
				SDKROOT = iphoneos;
				SWIFT_COMPILATION_MODE = wholemodule;
				SWIFT_OPTIMIZATION_LEVEL = "-O";
				VALIDATE_PRODUCT = YES;
			};
			name = Release;
		};
		5EE6901227036B9400F5C170 /* Debug */ = {
			isa = XCBuildConfiguration;
			buildSettings = {
				ASSETCATALOG_COMPILER_APPICON_NAME = AppIcon;
				ASSETCATALOG_COMPILER_GLOBAL_ACCENT_COLOR_NAME = AccentColor;
				CODE_SIGN_STYLE = Automatic;
				DEVELOPMENT_TEAM = 939KD425D9;
				INFOPLIST_FILE = Lesson4/Info.plist;
				IPHONEOS_DEPLOYMENT_TARGET = 14.5;
				LD_RUNPATH_SEARCH_PATHS = (
					"$(inherited)",
					"@executable_path/Frameworks",
				);
				PRODUCT_BUNDLE_IDENTIFIER = com.playground.autolayouts.Lesson4;
				PRODUCT_NAME = "$(TARGET_NAME)";
				SWIFT_VERSION = 5.0;
				TARGETED_DEVICE_FAMILY = 1;
			};
			name = Debug;
		};
		5EE6901327036B9400F5C170 /* Release */ = {
			isa = XCBuildConfiguration;
			buildSettings = {
				ASSETCATALOG_COMPILER_APPICON_NAME = AppIcon;
				ASSETCATALOG_COMPILER_GLOBAL_ACCENT_COLOR_NAME = AccentColor;
				CODE_SIGN_STYLE = Automatic;
				DEVELOPMENT_TEAM = 939KD425D9;
				INFOPLIST_FILE = Lesson4/Info.plist;
				IPHONEOS_DEPLOYMENT_TARGET = 14.5;
				LD_RUNPATH_SEARCH_PATHS = (
					"$(inherited)",
					"@executable_path/Frameworks",
				);
				PRODUCT_BUNDLE_IDENTIFIER = com.playground.autolayouts.Lesson4;
				PRODUCT_NAME = "$(TARGET_NAME)";
				SWIFT_VERSION = 5.0;
				TARGETED_DEVICE_FAMILY = 1;
			};
			name = Release;
		};
/* End XCBuildConfiguration section */

/* Begin XCConfigurationList section */
		5EE68FF827036B9200F5C170 /* Build configuration list for PBXProject "Lesson4" */ = {
			isa = XCConfigurationList;
			buildConfigurations = (
				5EE6900F27036B9400F5C170 /* Debug */,
				5EE6901027036B9400F5C170 /* Release */,
			);
			defaultConfigurationIsVisible = 0;
			defaultConfigurationName = Release;
		};
		5EE6901127036B9400F5C170 /* Build configuration list for PBXNativeTarget "Lesson4" */ = {
			isa = XCConfigurationList;
			buildConfigurations = (
				5EE6901227036B9400F5C170 /* Debug */,
				5EE6901327036B9400F5C170 /* Release */,
			);
			defaultConfigurationIsVisible = 0;
			defaultConfigurationName = Release;
		};
/* End XCConfigurationList section */
	};
	rootObject = 5EE68FF527036B9200F5C170 /* Project object */;
}
