// !$*UTF8*$!
{
	archiveVersion = 1;
	classes = {
	};
	objectVersion = 50;
	objects = {

/* Begin PBXBuildFile section */
		5EE6900127036B9200F5C170 /* AppDelegate.swift in Sources */ = {isa = PBXBuildFile; fileRef = 5EE6900027036B9200F5C170 /* AppDelegate.swift */; };
		5EE6900327036B9200F5C170 /* SceneDelegate.swift in Sources */ = {isa = PBXBuildFile; fileRef = 5EE6900227036B9200F5C170 /* SceneDelegate.swift */; };
		5EE6900A27036B9400F5C170 /* Assets.xcassets in Resources */ = {isa = PBXBuildFile; fileRef = 5EE6900927036B9400F5C170 /* Assets.xcassets */; };
		5EE6900D27036B9400F5C170 /* LaunchScreen.storyboard in Resources */ = {isa = PBXBuildFile; fileRef = 5EE6900B27036B9400F5C170 /* LaunchScreen.storyboard */; };
		74D32AF527203C8C00BBFF03 /* ProfileViewController.swift in Sources */ = {isa = PBXBuildFile; fileRef = 74D32AEF27203C8C00BBFF03 /* ProfileViewController.swift */; };
		74D32AF627203C8C00BBFF03 /* ProfileModel.swift in Sources */ = {isa = PBXBuildFile; fileRef = 74D32AF127203C8C00BBFF03 /* ProfileModel.swift */; };
		74D32AF727203C8C00BBFF03 /* ProfileView.swift in Sources */ = {isa = PBXBuildFile; fileRef = 74D32AF327203C8C00BBFF03 /* ProfileView.swift */; };
		74D32AF827203C8C00BBFF03 /* Profile .storyboard in Resources */ = {isa = PBXBuildFile; fileRef = 74D32AF427203C8C00BBFF03 /* Profile .storyboard */; };
		74DDFC1E272035A000919962 /* DataGenerator.swift in Sources */ = {isa = PBXBuildFile; fileRef = 74DDFC1D272035A000919962 /* DataGenerator.swift */; };
		74DDFC20272035DA00919962 /* DataService.swift in Sources */ = {isa = PBXBuildFile; fileRef = 74DDFC1F272035DA00919962 /* DataService.swift */; };
		74DDFC4F2720368E00919962 /* DetailModel.swift in Sources */ = {isa = PBXBuildFile; fileRef = 74DDFC242720368E00919962 /* DetailModel.swift */; };
		74DDFC502720368E00919962 /* DetailView.swift in Sources */ = {isa = PBXBuildFile; fileRef = 74DDFC262720368E00919962 /* DetailView.swift */; };
		74DDFC512720368E00919962 /* Detail.storyboard in Resources */ = {isa = PBXBuildFile; fileRef = 74DDFC272720368E00919962 /* Detail.storyboard */; };
		74DDFC522720368E00919962 /* DetailPostViewController.swift in Sources */ = {isa = PBXBuildFile; fileRef = 74DDFC292720368E00919962 /* DetailPostViewController.swift */; };
		74DDFC532720368E00919962 /* ProfileStatusEditDelegateProtocol.swift in Sources */ = {isa = PBXBuildFile; fileRef = 74DDFC2C2720368E00919962 /* ProfileStatusEditDelegateProtocol.swift */; };
		74DDFC542720368E00919962 /* ProfileStatusEditViewController.swift in Sources */ = {isa = PBXBuildFile; fileRef = 74DDFC2E2720368E00919962 /* ProfileStatusEditViewController.swift */; };
		74DDFC552720368E00919962 /* ProfileStatusEditView.swift in Sources */ = {isa = PBXBuildFile; fileRef = 74DDFC302720368E00919962 /* ProfileStatusEditView.swift */; };
		74DDFC562720368E00919962 /* PostStatusEdit.storyboard in Resources */ = {isa = PBXBuildFile; fileRef = 74DDFC312720368E00919962 /* PostStatusEdit.storyboard */; };
		74DDFC572720368E00919962 /* FeedModel.swift in Sources */ = {isa = PBXBuildFile; fileRef = 74DDFC342720368E00919962 /* FeedModel.swift */; };
		74DDFC582720368E00919962 /* Feed.storyboard in Resources */ = {isa = PBXBuildFile; fileRef = 74DDFC362720368E00919962 /* Feed.storyboard */; };
		74DDFC592720368E00919962 /* PostTableViewCell.swift in Sources */ = {isa = PBXBuildFile; fileRef = 74DDFC372720368E00919962 /* PostTableViewCell.swift */; };
		74DDFC5A2720368E00919962 /* PostTableViewCell.xib in Resources */ = {isa = PBXBuildFile; fileRef = 74DDFC382720368E00919962 /* PostTableViewCell.xib */; };
		74DDFC5B2720368E00919962 /* FeedView.swift in Sources */ = {isa = PBXBuildFile; fileRef = 74DDFC392720368E00919962 /* FeedView.swift */; };
		74DDFC5C2720368E00919962 /* FeedViewController.swift in Sources */ = {isa = PBXBuildFile; fileRef = 74DDFC3B2720368E00919962 /* FeedViewController.swift */; };
		74DDFC5D2720368E00919962 /* PostTableViewCellDelegate.swift in Sources */ = {isa = PBXBuildFile; fileRef = 74DDFC3D2720368E00919962 /* PostTableViewCellDelegate.swift */; };
		74DDFC5E2720368E00919962 /* FeedModelDelegate.swift in Sources */ = {isa = PBXBuildFile; fileRef = 74DDFC3E2720368E00919962 /* FeedModelDelegate.swift */; };
		74DDFC632720368E00919962 /* LogInModel.swift in Sources */ = {isa = PBXBuildFile; fileRef = 74DDFC492720368E00919962 /* LogInModel.swift */; };
		74DDFC642720368E00919962 /* LogInView.swift in Sources */ = {isa = PBXBuildFile; fileRef = 74DDFC4B2720368E00919962 /* LogInView.swift */; };
		74DDFC652720368E00919962 /* LogIn.storyboard in Resources */ = {isa = PBXBuildFile; fileRef = 74DDFC4C2720368E00919962 /* LogIn.storyboard */; };
		74DDFC662720368E00919962 /* LogInViewController.swift in Sources */ = {isa = PBXBuildFile; fileRef = 74DDFC4E2720368E00919962 /* LogInViewController.swift */; };
		74DDFC6C272036D600919962 /* User.swift in Sources */ = {isa = PBXBuildFile; fileRef = 74DDFC68272036D600919962 /* User.swift */; };
		74DDFC6D272036D600919962 /* Post.swift in Sources */ = {isa = PBXBuildFile; fileRef = 74DDFC69272036D600919962 /* Post.swift */; };
		74DDFC6E272036D600919962 /* LayerManager.swift in Sources */ = {isa = PBXBuildFile; fileRef = 74DDFC6B272036D600919962 /* LayerManager.swift */; };
/* End PBXBuildFile section */

/* Begin PBXFileReference section */
		5EE68FFD27036B9200F5C170 /* Lesson4.app */ = {isa = PBXFileReference; explicitFileType = wrapper.application; includeInIndex = 0; path = Lesson4.app; sourceTree = BUILT_PRODUCTS_DIR; };
		5EE6900027036B9200F5C170 /* AppDelegate.swift */ = {isa = PBXFileReference; lastKnownFileType = sourcecode.swift; path = AppDelegate.swift; sourceTree = "<group>"; };
		5EE6900227036B9200F5C170 /* SceneDelegate.swift */ = {isa = PBXFileReference; lastKnownFileType = sourcecode.swift; path = SceneDelegate.swift; sourceTree = "<group>"; };
		5EE6900927036B9400F5C170 /* Assets.xcassets */ = {isa = PBXFileReference; lastKnownFileType = folder.assetcatalog; path = Assets.xcassets; sourceTree = "<group>"; };
		5EE6900C27036B9400F5C170 /* Base */ = {isa = PBXFileReference; lastKnownFileType = file.storyboard; name = Base; path = Base.lproj/LaunchScreen.storyboard; sourceTree = "<group>"; };
		5EE6900E27036B9400F5C170 /* Info.plist */ = {isa = PBXFileReference; lastKnownFileType = text.plist.xml; path = Info.plist; sourceTree = "<group>"; };
		74D32AEF27203C8C00BBFF03 /* ProfileViewController.swift */ = {isa = PBXFileReference; fileEncoding = 4; lastKnownFileType = sourcecode.swift; path = ProfileViewController.swift; sourceTree = "<group>"; };
		74D32AF127203C8C00BBFF03 /* ProfileModel.swift */ = {isa = PBXFileReference; fileEncoding = 4; lastKnownFileType = sourcecode.swift; path = ProfileModel.swift; sourceTree = "<group>"; };
		74D32AF327203C8C00BBFF03 /* ProfileView.swift */ = {isa = PBXFileReference; fileEncoding = 4; lastKnownFileType = sourcecode.swift; path = ProfileView.swift; sourceTree = "<group>"; };
		74D32AF427203C8C00BBFF03 /* Profile .storyboard */ = {isa = PBXFileReference; fileEncoding = 4; lastKnownFileType = file.storyboard; path = "Profile .storyboard"; sourceTree = "<group>"; };
		74DDFC1D272035A000919962 /* DataGenerator.swift */ = {isa = PBXFileReference; lastKnownFileType = sourcecode.swift; path = DataGenerator.swift; sourceTree = "<group>"; };
		74DDFC1F272035DA00919962 /* DataService.swift */ = {isa = PBXFileReference; lastKnownFileType = sourcecode.swift; path = DataService.swift; sourceTree = "<group>"; };
		74DDFC242720368E00919962 /* DetailModel.swift */ = {isa = PBXFileReference; fileEncoding = 4; lastKnownFileType = sourcecode.swift; path = DetailModel.swift; sourceTree = "<group>"; };
		74DDFC262720368E00919962 /* DetailView.swift */ = {isa = PBXFileReference; fileEncoding = 4; lastKnownFileType = sourcecode.swift; path = DetailView.swift; sourceTree = "<group>"; };
		74DDFC272720368E00919962 /* Detail.storyboard */ = {isa = PBXFileReference; fileEncoding = 4; lastKnownFileType = file.storyboard; path = Detail.storyboard; sourceTree = "<group>"; };
		74DDFC292720368E00919962 /* DetailPostViewController.swift */ = {isa = PBXFileReference; fileEncoding = 4; lastKnownFileType = sourcecode.swift; path = DetailPostViewController.swift; sourceTree = "<group>"; };
		74DDFC2C2720368E00919962 /* ProfileStatusEditDelegateProtocol.swift */ = {isa = PBXFileReference; fileEncoding = 4; lastKnownFileType = sourcecode.swift; path = ProfileStatusEditDelegateProtocol.swift; sourceTree = "<group>"; };
		74DDFC2E2720368E00919962 /* ProfileStatusEditViewController.swift */ = {isa = PBXFileReference; fileEncoding = 4; lastKnownFileType = sourcecode.swift; path = ProfileStatusEditViewController.swift; sourceTree = "<group>"; };
		74DDFC302720368E00919962 /* ProfileStatusEditView.swift */ = {isa = PBXFileReference; fileEncoding = 4; lastKnownFileType = sourcecode.swift; path = ProfileStatusEditView.swift; sourceTree = "<group>"; };
		74DDFC312720368E00919962 /* PostStatusEdit.storyboard */ = {isa = PBXFileReference; fileEncoding = 4; lastKnownFileType = file.storyboard; path = PostStatusEdit.storyboard; sourceTree = "<group>"; };
		74DDFC342720368E00919962 /* FeedModel.swift */ = {isa = PBXFileReference; fileEncoding = 4; lastKnownFileType = sourcecode.swift; path = FeedModel.swift; sourceTree = "<group>"; };
		74DDFC362720368E00919962 /* Feed.storyboard */ = {isa = PBXFileReference; fileEncoding = 4; lastKnownFileType = file.storyboard; path = Feed.storyboard; sourceTree = "<group>"; };
		74DDFC372720368E00919962 /* PostTableViewCell.swift */ = {isa = PBXFileReference; fileEncoding = 4; lastKnownFileType = sourcecode.swift; path = PostTableViewCell.swift; sourceTree = "<group>"; };
		74DDFC382720368E00919962 /* PostTableViewCell.xib */ = {isa = PBXFileReference; fileEncoding = 4; lastKnownFileType = file.xib; path = PostTableViewCell.xib; sourceTree = "<group>"; };
		74DDFC392720368E00919962 /* FeedView.swift */ = {isa = PBXFileReference; fileEncoding = 4; lastKnownFileType = sourcecode.swift; path = FeedView.swift; sourceTree = "<group>"; };
		74DDFC3B2720368E00919962 /* FeedViewController.swift */ = {isa = PBXFileReference; fileEncoding = 4; lastKnownFileType = sourcecode.swift; path = FeedViewController.swift; sourceTree = "<group>"; };
		74DDFC3D2720368E00919962 /* PostTableViewCellDelegate.swift */ = {isa = PBXFileReference; fileEncoding = 4; lastKnownFileType = sourcecode.swift; path = PostTableViewCellDelegate.swift; sourceTree = "<group>"; };
		74DDFC3E2720368E00919962 /* FeedModelDelegate.swift */ = {isa = PBXFileReference; fileEncoding = 4; lastKnownFileType = sourcecode.swift; path = FeedModelDelegate.swift; sourceTree = "<group>"; };
		74DDFC492720368E00919962 /* LogInModel.swift */ = {isa = PBXFileReference; fileEncoding = 4; lastKnownFileType = sourcecode.swift; path = LogInModel.swift; sourceTree = "<group>"; };
		74DDFC4B2720368E00919962 /* LogInView.swift */ = {isa = PBXFileReference; fileEncoding = 4; lastKnownFileType = sourcecode.swift; path = LogInView.swift; sourceTree = "<group>"; };
		74DDFC4C2720368E00919962 /* LogIn.storyboard */ = {isa = PBXFileReference; fileEncoding = 4; lastKnownFileType = file.storyboard; path = LogIn.storyboard; sourceTree = "<group>"; };
		74DDFC4E2720368E00919962 /* LogInViewController.swift */ = {isa = PBXFileReference; fileEncoding = 4; lastKnownFileType = sourcecode.swift; path = LogInViewController.swift; sourceTree = "<group>"; };
		74DDFC68272036D600919962 /* User.swift */ = {isa = PBXFileReference; fileEncoding = 4; lastKnownFileType = sourcecode.swift; path = User.swift; sourceTree = "<group>"; };
		74DDFC69272036D600919962 /* Post.swift */ = {isa = PBXFileReference; fileEncoding = 4; lastKnownFileType = sourcecode.swift; path = Post.swift; sourceTree = "<group>"; };
		74DDFC6B272036D600919962 /* LayerManager.swift */ = {isa = PBXFileReference; fileEncoding = 4; lastKnownFileType = sourcecode.swift; path = LayerManager.swift; sourceTree = "<group>"; };
/* End PBXFileReference section */

/* Begin PBXFrameworksBuildPhase section */
		5EE68FFA27036B9200F5C170 /* Frameworks */ = {
			isa = PBXFrameworksBuildPhase;
			buildActionMask = 2147483647;
			files = (
			);
			runOnlyForDeploymentPostprocessing = 0;
		};
/* End PBXFrameworksBuildPhase section */

/* Begin PBXGroup section */
		5EE68FF427036B9200F5C170 = {
			isa = PBXGroup;
			children = (
				5EE68FFF27036B9200F5C170 /* Lesson4 */,
				5EE68FFE27036B9200F5C170 /* Products */,
			);
			sourceTree = "<group>";
		};
		5EE68FFE27036B9200F5C170 /* Products */ = {
			isa = PBXGroup;
			children = (
				5EE68FFD27036B9200F5C170 /* Lesson4.app */,
			);
			name = Products;
			sourceTree = "<group>";
		};
		5EE68FFF27036B9200F5C170 /* Lesson4 */ = {
			isa = PBXGroup;
			children = (
				74DDFC6F2720372B00919962 /* Resources */,
				74DDFC67272036D600919962 /* Enteties */,
				74DDFC6A272036D600919962 /* Managers */,
				74DDFC212720360200919962 /* Presentation */,
				74DDFC1C2720358500919962 /* Services */,
				5EE6900027036B9200F5C170 /* AppDelegate.swift */,
				5EE6900E27036B9400F5C170 /* Info.plist */,
				5EE6900227036B9200F5C170 /* SceneDelegate.swift */,
			);
			path = Lesson4;
			sourceTree = "<group>";
		};
		74D32AED27203C8C00BBFF03 /* Profile  */ = {
			isa = PBXGroup;
			children = (
				74D32AEE27203C8C00BBFF03 /* Controller */,
				74D32AF027203C8C00BBFF03 /* Model */,
				74D32AF227203C8C00BBFF03 /* View */,
			);
			path = "Profile ";
			sourceTree = "<group>";
		};
		74D32AEE27203C8C00BBFF03 /* Controller */ = {
			isa = PBXGroup;
			children = (
				74D32AEF27203C8C00BBFF03 /* ProfileViewController.swift */,
			);
			path = Controller;
			sourceTree = "<group>";
		};
		74D32AF027203C8C00BBFF03 /* Model */ = {
			isa = PBXGroup;
			children = (
				74D32AF127203C8C00BBFF03 /* ProfileModel.swift */,
			);
			path = Model;
			sourceTree = "<group>";
		};
		74D32AF227203C8C00BBFF03 /* View */ = {
			isa = PBXGroup;
			children = (
				74D32AF327203C8C00BBFF03 /* ProfileView.swift */,
				74D32AF427203C8C00BBFF03 /* Profile .storyboard */,
			);
			path = View;
			sourceTree = "<group>";
		};
		74DDFC1C2720358500919962 /* Services */ = {
			isa = PBXGroup;
			children = (
				74DDFC1D272035A000919962 /* DataGenerator.swift */,
				74DDFC1F272035DA00919962 /* DataService.swift */,
			);
			path = Services;
			sourceTree = "<group>";
		};
		74DDFC212720360200919962 /* Presentation */ = {
			isa = PBXGroup;
			children = (
				74D32AED27203C8C00BBFF03 /* Profile  */,
				74DDFC222720368E00919962 /* Detail */,
				74DDFC322720368E00919962 /* Feed */,
				74DDFC472720368E00919962 /* Log In */,
				74DDFC2A2720368E00919962 /* ProfileStatusEdit */,
			);
			path = Presentation;
			sourceTree = "<group>";
		};
		74DDFC222720368E00919962 /* Detail */ = {
			isa = PBXGroup;
			children = (
				74DDFC232720368E00919962 /* Model */,
				74DDFC252720368E00919962 /* View */,
				74DDFC282720368E00919962 /* Controllers */,
			);
			path = Detail;
			sourceTree = "<group>";
		};
		74DDFC232720368E00919962 /* Model */ = {
			isa = PBXGroup;
			children = (
				74DDFC242720368E00919962 /* DetailModel.swift */,
			);
			path = Model;
			sourceTree = "<group>";
		};
		74DDFC252720368E00919962 /* View */ = {
			isa = PBXGroup;
			children = (
				74DDFC262720368E00919962 /* DetailView.swift */,
				74DDFC272720368E00919962 /* Detail.storyboard */,
			);
			path = View;
			sourceTree = "<group>";
		};
		74DDFC282720368E00919962 /* Controllers */ = {
			isa = PBXGroup;
			children = (
				74DDFC292720368E00919962 /* DetailPostViewController.swift */,
			);
			path = Controllers;
			sourceTree = "<group>";
		};
		74DDFC2A2720368E00919962 /* ProfileStatusEdit */ = {
			isa = PBXGroup;
			children = (
				74DDFC2B2720368E00919962 /* Delegate Protocols */,
				74DDFC2D2720368E00919962 /* Controller */,
				74DDFC2F2720368E00919962 /* View */,
			);
			path = ProfileStatusEdit;
			sourceTree = "<group>";
		};
		74DDFC2B2720368E00919962 /* Delegate Protocols */ = {
			isa = PBXGroup;
			children = (
				74DDFC2C2720368E00919962 /* ProfileStatusEditDelegateProtocol.swift */,
			);
			path = "Delegate Protocols";
			sourceTree = "<group>";
		};
		74DDFC2D2720368E00919962 /* Controller */ = {
			isa = PBXGroup;
			children = (
				74DDFC2E2720368E00919962 /* ProfileStatusEditViewController.swift */,
			);
			path = Controller;
			sourceTree = "<group>";
		};
		74DDFC2F2720368E00919962 /* View */ = {
			isa = PBXGroup;
			children = (
				74DDFC302720368E00919962 /* ProfileStatusEditView.swift */,
				74DDFC312720368E00919962 /* PostStatusEdit.storyboard */,
			);
			path = View;
			sourceTree = "<group>";
		};
		74DDFC322720368E00919962 /* Feed */ = {
			isa = PBXGroup;
			children = (
				74DDFC332720368E00919962 /* Model */,
				74DDFC352720368E00919962 /* View */,
				74DDFC3A2720368E00919962 /* Controllers */,
				74DDFC3C2720368E00919962 /* DelegateProtocols */,
			);
			path = Feed;
			sourceTree = "<group>";
		};
		74DDFC332720368E00919962 /* Model */ = {
			isa = PBXGroup;
			children = (
				74DDFC342720368E00919962 /* FeedModel.swift */,
			);
			path = Model;
			sourceTree = "<group>";
		};
		74DDFC352720368E00919962 /* View */ = {
			isa = PBXGroup;
			children = (
				74DDFC362720368E00919962 /* Feed.storyboard */,
				74DDFC372720368E00919962 /* PostTableViewCell.swift */,
				74DDFC382720368E00919962 /* PostTableViewCell.xib */,
				74DDFC392720368E00919962 /* FeedView.swift */,
			);
			path = View;
			sourceTree = "<group>";
		};
		74DDFC3A2720368E00919962 /* Controllers */ = {
			isa = PBXGroup;
			children = (
				74DDFC3B2720368E00919962 /* FeedViewController.swift */,
			);
			path = Controllers;
			sourceTree = "<group>";
		};
		74DDFC3C2720368E00919962 /* DelegateProtocols */ = {
			isa = PBXGroup;
			children = (
				74DDFC3D2720368E00919962 /* PostTableViewCellDelegate.swift */,
				74DDFC3E2720368E00919962 /* FeedModelDelegate.swift */,
			);
			path = DelegateProtocols;
			sourceTree = "<group>";
		};
		74DDFC472720368E00919962 /* Log In */ = {
			isa = PBXGroup;
			children = (
				74DDFC482720368E00919962 /* Model */,
				74DDFC4A2720368E00919962 /* View */,
				74DDFC4D2720368E00919962 /* Controllers */,
			);
			path = "Log In";
			sourceTree = "<group>";
		};
		74DDFC482720368E00919962 /* Model */ = {
			isa = PBXGroup;
			children = (
				74DDFC492720368E00919962 /* LogInModel.swift */,
			);
			path = Model;
			sourceTree = "<group>";
		};
		74DDFC4A2720368E00919962 /* View */ = {
			isa = PBXGroup;
			children = (
				74DDFC4B2720368E00919962 /* LogInView.swift */,
				74DDFC4C2720368E00919962 /* LogIn.storyboard */,
			);
			path = View;
			sourceTree = "<group>";
		};
		74DDFC4D2720368E00919962 /* Controllers */ = {
			isa = PBXGroup;
			children = (
				74DDFC4E2720368E00919962 /* LogInViewController.swift */,
			);
			path = Controllers;
			sourceTree = "<group>";
		};
		74DDFC67272036D600919962 /* Enteties */ = {
			isa = PBXGroup;
			children = (
				74DDFC68272036D600919962 /* User.swift */,
				74DDFC69272036D600919962 /* Post.swift */,
			);
			path = Enteties;
			sourceTree = "<group>";
		};
		74DDFC6A272036D600919962 /* Managers */ = {
			isa = PBXGroup;
			children = (
				74DDFC6B272036D600919962 /* LayerManager.swift */,
			);
			path = Managers;
			sourceTree = "<group>";
		};
		74DDFC6F2720372B00919962 /* Resources */ = {
			isa = PBXGroup;
			children = (
				5EE6900B27036B9400F5C170 /* LaunchScreen.storyboard */,
				5EE6900927036B9400F5C170 /* Assets.xcassets */,
			);
			path = Resources;
			sourceTree = "<group>";
		};
/* End PBXGroup section */

/* Begin PBXNativeTarget section */
		5EE68FFC27036B9200F5C170 /* Lesson4 */ = {
			isa = PBXNativeTarget;
			buildConfigurationList = 5EE6901127036B9400F5C170 /* Build configuration list for PBXNativeTarget "Lesson4" */;
			buildPhases = (
				5EE68FF927036B9200F5C170 /* Sources */,
				5EE68FFA27036B9200F5C170 /* Frameworks */,
				5EE68FFB27036B9200F5C170 /* Resources */,
			);
			buildRules = (
			);
			dependencies = (
			);
			name = Lesson4;
			productName = Lesson4;
			productReference = 5EE68FFD27036B9200F5C170 /* Lesson4.app */;
			productType = "com.apple.product-type.application";
		};
/* End PBXNativeTarget section */

/* Begin PBXProject section */
		5EE68FF527036B9200F5C170 /* Project object */ = {
			isa = PBXProject;
			attributes = {
				LastSwiftUpdateCheck = 1250;
				LastUpgradeCheck = 1250;
				TargetAttributes = {
					5EE68FFC27036B9200F5C170 = {
						CreatedOnToolsVersion = 12.5.1;
					};
				};
			};
			buildConfigurationList = 5EE68FF827036B9200F5C170 /* Build configuration list for PBXProject "Lesson4" */;
			compatibilityVersion = "Xcode 9.3";
			developmentRegion = en;
			hasScannedForEncodings = 0;
			knownRegions = (
				en,
				Base,
			);
			mainGroup = 5EE68FF427036B9200F5C170;
			productRefGroup = 5EE68FFE27036B9200F5C170 /* Products */;
			projectDirPath = "";
			projectRoot = "";
			targets = (
				5EE68FFC27036B9200F5C170 /* Lesson4 */,
			);
		};
/* End PBXProject section */

/* Begin PBXResourcesBuildPhase section */
		5EE68FFB27036B9200F5C170 /* Resources */ = {
			isa = PBXResourcesBuildPhase;
			buildActionMask = 2147483647;
			files = (
				5EE6900D27036B9400F5C170 /* LaunchScreen.storyboard in Resources */,
				5EE6900A27036B9400F5C170 /* Assets.xcassets in Resources */,
				74DDFC582720368E00919962 /* Feed.storyboard in Resources */,
				74D32AF827203C8C00BBFF03 /* Profile .storyboard in Resources */,
				74DDFC5A2720368E00919962 /* PostTableViewCell.xib in Resources */,
				74DDFC562720368E00919962 /* PostStatusEdit.storyboard in Resources */,
				74DDFC652720368E00919962 /* LogIn.storyboard in Resources */,
				74DDFC512720368E00919962 /* Detail.storyboard in Resources */,
			);
			runOnlyForDeploymentPostprocessing = 0;
		};
/* End PBXResourcesBuildPhase section */

/* Begin PBXSourcesBuildPhase section */
		5EE68FF927036B9200F5C170 /* Sources */ = {
			isa = PBXSourcesBuildPhase;
			buildActionMask = 2147483647;
			files = (
				74DDFC1E272035A000919962 /* DataGenerator.swift in Sources */,
				74DDFC632720368E00919962 /* LogInModel.swift in Sources */,
				74DDFC662720368E00919962 /* LogInViewController.swift in Sources */,
				74DDFC6D272036D600919962 /* Post.swift in Sources */,
				74DDFC522720368E00919962 /* DetailPostViewController.swift in Sources */,
				74DDFC5E2720368E00919962 /* FeedModelDelegate.swift in Sources */,
				74DDFC532720368E00919962 /* ProfileStatusEditDelegateProtocol.swift in Sources */,
				74D32AF727203C8C00BBFF03 /* ProfileView.swift in Sources */,
				74DDFC542720368E00919962 /* ProfileStatusEditViewController.swift in Sources */,
				74DDFC552720368E00919962 /* ProfileStatusEditView.swift in Sources */,
				74DDFC502720368E00919962 /* DetailView.swift in Sources */,
				74DDFC5C2720368E00919962 /* FeedViewController.swift in Sources */,
				74DDFC4F2720368E00919962 /* DetailModel.swift in Sources */,
				5EE6900127036B9200F5C170 /* AppDelegate.swift in Sources */,
				5EE6900327036B9200F5C170 /* SceneDelegate.swift in Sources */,
				74DDFC6E272036D600919962 /* LayerManager.swift in Sources */,
				74D32AF627203C8C00BBFF03 /* ProfileModel.swift in Sources */,
				74D32AF527203C8C00BBFF03 /* ProfileViewController.swift in Sources */,
				74DDFC20272035DA00919962 /* DataService.swift in Sources */,
				74DDFC642720368E00919962 /* LogInView.swift in Sources */,
				74DDFC5B2720368E00919962 /* FeedView.swift in Sources */,
				74DDFC5D2720368E00919962 /* PostTableViewCellDelegate.swift in Sources */,
				74DDFC572720368E00919962 /* FeedModel.swift in Sources */,
				74DDFC592720368E00919962 /* PostTableViewCell.swift in Sources */,
				74DDFC6C272036D600919962 /* User.swift in Sources */,
			);
			runOnlyForDeploymentPostprocessing = 0;
		};
/* End PBXSourcesBuildPhase section */

/* Begin PBXVariantGroup section */
		5EE6900B27036B9400F5C170 /* LaunchScreen.storyboard */ = {
			isa = PBXVariantGroup;
			children = (
				5EE6900C27036B9400F5C170 /* Base */,
			);
			name = LaunchScreen.storyboard;
			sourceTree = "<group>";
		};
/* End PBXVariantGroup section */

/* Begin XCBuildConfiguration section */
		5EE6900F27036B9400F5C170 /* Debug */ = {
			isa = XCBuildConfiguration;
			buildSettings = {
				ALWAYS_SEARCH_USER_PATHS = NO;
				CLANG_ANALYZER_NONNULL = YES;
				CLANG_ANALYZER_NUMBER_OBJECT_CONVERSION = YES_AGGRESSIVE;
				CLANG_CXX_LANGUAGE_STANDARD = "gnu++14";
				CLANG_CXX_LIBRARY = "libc++";
				CLANG_ENABLE_MODULES = YES;
				CLANG_ENABLE_OBJC_ARC = YES;
				CLANG_ENABLE_OBJC_WEAK = YES;
				CLANG_WARN_BLOCK_CAPTURE_AUTORELEASING = YES;
				CLANG_WARN_BOOL_CONVERSION = YES;
				CLANG_WARN_COMMA = YES;
				CLANG_WARN_CONSTANT_CONVERSION = YES;
				CLANG_WARN_DEPRECATED_OBJC_IMPLEMENTATIONS = YES;
				CLANG_WARN_DIRECT_OBJC_ISA_USAGE = YES_ERROR;
				CLANG_WARN_DOCUMENTATION_COMMENTS = YES;
				CLANG_WARN_EMPTY_BODY = YES;
				CLANG_WARN_ENUM_CONVERSION = YES;
				CLANG_WARN_INFINITE_RECURSION = YES;
				CLANG_WARN_INT_CONVERSION = YES;
				CLANG_WARN_NON_LITERAL_NULL_CONVERSION = YES;
				CLANG_WARN_OBJC_IMPLICIT_RETAIN_SELF = YES;
				CLANG_WARN_OBJC_LITERAL_CONVERSION = YES;
				CLANG_WARN_OBJC_ROOT_CLASS = YES_ERROR;
				CLANG_WARN_QUOTED_INCLUDE_IN_FRAMEWORK_HEADER = YES;
				CLANG_WARN_RANGE_LOOP_ANALYSIS = YES;
				CLANG_WARN_STRICT_PROTOTYPES = YES;
				CLANG_WARN_SUSPICIOUS_MOVE = YES;
				CLANG_WARN_UNGUARDED_AVAILABILITY = YES_AGGRESSIVE;
				CLANG_WARN_UNREACHABLE_CODE = YES;
				CLANG_WARN__DUPLICATE_METHOD_MATCH = YES;
				COPY_PHASE_STRIP = NO;
				DEBUG_INFORMATION_FORMAT = dwarf;
				ENABLE_STRICT_OBJC_MSGSEND = YES;
				ENABLE_TESTABILITY = YES;
				GCC_C_LANGUAGE_STANDARD = gnu11;
				GCC_DYNAMIC_NO_PIC = NO;
				GCC_NO_COMMON_BLOCKS = YES;
				GCC_OPTIMIZATION_LEVEL = 0;
				GCC_PREPROCESSOR_DEFINITIONS = (
					"DEBUG=1",
					"$(inherited)",
				);
				GCC_WARN_64_TO_32_BIT_CONVERSION = YES;
				GCC_WARN_ABOUT_RETURN_TYPE = YES_ERROR;
				GCC_WARN_UNDECLARED_SELECTOR = YES;
				GCC_WARN_UNINITIALIZED_AUTOS = YES_AGGRESSIVE;
				GCC_WARN_UNUSED_FUNCTION = YES;
				GCC_WARN_UNUSED_VARIABLE = YES;
				IPHONEOS_DEPLOYMENT_TARGET = 14.5;
				MTL_ENABLE_DEBUG_INFO = INCLUDE_SOURCE;
				MTL_FAST_MATH = YES;
				ONLY_ACTIVE_ARCH = YES;
				SDKROOT = iphoneos;
				SWIFT_ACTIVE_COMPILATION_CONDITIONS = DEBUG;
				SWIFT_OPTIMIZATION_LEVEL = "-Onone";
			};
			name = Debug;
		};
		5EE6901027036B9400F5C170 /* Release */ = {
			isa = XCBuildConfiguration;
			buildSettings = {
				ALWAYS_SEARCH_USER_PATHS = NO;
				CLANG_ANALYZER_NONNULL = YES;
				CLANG_ANALYZER_NUMBER_OBJECT_CONVERSION = YES_AGGRESSIVE;
				CLANG_CXX_LANGUAGE_STANDARD = "gnu++14";
				CLANG_CXX_LIBRARY = "libc++";
				CLANG_ENABLE_MODULES = YES;
				CLANG_ENABLE_OBJC_ARC = YES;
				CLANG_ENABLE_OBJC_WEAK = YES;
				CLANG_WARN_BLOCK_CAPTURE_AUTORELEASING = YES;
				CLANG_WARN_BOOL_CONVERSION = YES;
				CLANG_WARN_COMMA = YES;
				CLANG_WARN_CONSTANT_CONVERSION = YES;
				CLANG_WARN_DEPRECATED_OBJC_IMPLEMENTATIONS = YES;
				CLANG_WARN_DIRECT_OBJC_ISA_USAGE = YES_ERROR;
				CLANG_WARN_DOCUMENTATION_COMMENTS = YES;
				CLANG_WARN_EMPTY_BODY = YES;
				CLANG_WARN_ENUM_CONVERSION = YES;
				CLANG_WARN_INFINITE_RECURSION = YES;
				CLANG_WARN_INT_CONVERSION = YES;
				CLANG_WARN_NON_LITERAL_NULL_CONVERSION = YES;
				CLANG_WARN_OBJC_IMPLICIT_RETAIN_SELF = YES;
				CLANG_WARN_OBJC_LITERAL_CONVERSION = YES;
				CLANG_WARN_OBJC_ROOT_CLASS = YES_ERROR;
				CLANG_WARN_QUOTED_INCLUDE_IN_FRAMEWORK_HEADER = YES;
				CLANG_WARN_RANGE_LOOP_ANALYSIS = YES;
				CLANG_WARN_STRICT_PROTOTYPES = YES;
				CLANG_WARN_SUSPICIOUS_MOVE = YES;
				CLANG_WARN_UNGUARDED_AVAILABILITY = YES_AGGRESSIVE;
				CLANG_WARN_UNREACHABLE_CODE = YES;
				CLANG_WARN__DUPLICATE_METHOD_MATCH = YES;
				COPY_PHASE_STRIP = NO;
				DEBUG_INFORMATION_FORMAT = "dwarf-with-dsym";
				ENABLE_NS_ASSERTIONS = NO;
				ENABLE_STRICT_OBJC_MSGSEND = YES;
				GCC_C_LANGUAGE_STANDARD = gnu11;
				GCC_NO_COMMON_BLOCKS = YES;
				GCC_WARN_64_TO_32_BIT_CONVERSION = YES;
				GCC_WARN_ABOUT_RETURN_TYPE = YES_ERROR;
				GCC_WARN_UNDECLARED_SELECTOR = YES;
				GCC_WARN_UNINITIALIZED_AUTOS = YES_AGGRESSIVE;
				GCC_WARN_UNUSED_FUNCTION = YES;
				GCC_WARN_UNUSED_VARIABLE = YES;
				IPHONEOS_DEPLOYMENT_TARGET = 14.5;
				MTL_ENABLE_DEBUG_INFO = NO;
				MTL_FAST_MATH = YES;
				SDKROOT = iphoneos;
				SWIFT_COMPILATION_MODE = wholemodule;
				SWIFT_OPTIMIZATION_LEVEL = "-O";
				VALIDATE_PRODUCT = YES;
			};
			name = Release;
		};
		5EE6901227036B9400F5C170 /* Debug */ = {
			isa = XCBuildConfiguration;
			buildSettings = {
				ASSETCATALOG_COMPILER_APPICON_NAME = AppIcon;
				ASSETCATALOG_COMPILER_GLOBAL_ACCENT_COLOR_NAME = AccentColor;
				CODE_SIGN_STYLE = Automatic;
				DEVELOPMENT_TEAM = 939KD425D9;
				INFOPLIST_FILE = Lesson4/Info.plist;
				IPHONEOS_DEPLOYMENT_TARGET = 13.0;
				LD_RUNPATH_SEARCH_PATHS = (
					"$(inherited)",
					"@executable_path/Frameworks",
				);
				PRODUCT_BUNDLE_IDENTIFIER = com.playground.autolayouts.Lesson4;
				PRODUCT_NAME = "$(TARGET_NAME)";
				SWIFT_VERSION = 5.0;
				TARGETED_DEVICE_FAMILY = 1;
			};
			name = Debug;
		};
		5EE6901327036B9400F5C170 /* Release */ = {
			isa = XCBuildConfiguration;
			buildSettings = {
				ASSETCATALOG_COMPILER_APPICON_NAME = AppIcon;
				ASSETCATALOG_COMPILER_GLOBAL_ACCENT_COLOR_NAME = AccentColor;
				CODE_SIGN_STYLE = Automatic;
				DEVELOPMENT_TEAM = 939KD425D9;
				INFOPLIST_FILE = Lesson4/Info.plist;
				IPHONEOS_DEPLOYMENT_TARGET = 13.0;
				LD_RUNPATH_SEARCH_PATHS = (
					"$(inherited)",
					"@executable_path/Frameworks",
				);
				PRODUCT_BUNDLE_IDENTIFIER = com.playground.autolayouts.Lesson4;
				PRODUCT_NAME = "$(TARGET_NAME)";
				SWIFT_VERSION = 5.0;
				TARGETED_DEVICE_FAMILY = 1;
			};
			name = Release;
		};
/* End XCBuildConfiguration section */

/* Begin XCConfigurationList section */
		5EE68FF827036B9200F5C170 /* Build configuration list for PBXProject "Lesson4" */ = {
			isa = XCConfigurationList;
			buildConfigurations = (
				5EE6900F27036B9400F5C170 /* Debug */,
				5EE6901027036B9400F5C170 /* Release */,
			);
			defaultConfigurationIsVisible = 0;
			defaultConfigurationName = Release;
		};
		5EE6901127036B9400F5C170 /* Build configuration list for PBXNativeTarget "Lesson4" */ = {
			isa = XCConfigurationList;
			buildConfigurations = (
				5EE6901227036B9400F5C170 /* Debug */,
				5EE6901327036B9400F5C170 /* Release */,
			);
			defaultConfigurationIsVisible = 0;
			defaultConfigurationName = Release;
		};
/* End XCConfigurationList section */
	};
	rootObject = 5EE68FF527036B9200F5C170 /* Project object */;
}
